
Microsoft Visual Studio Solution File, Format Version 12.00
# Visual Studio Version 16
VisualStudioVersion = 16.0.31702.278
MinimumVisualStudioVersion = 10.0.40219.1
Project("{FAE04EC0-301F-11D3-BF4B-00C04F79EFBC}") = "lab19", "lab19\lab19.csproj", "{C9CC534E-86B6-43D0-8476-E5333BBEEA05}"
EndProject
Global
	GlobalSection(SolutionConfigurationPlatforms) = preSolution
		Debug|Any CPU = Debug|Any CPU
		Release|Any CPU = Release|Any CPU
	EndGlobalSection
	GlobalSection(ProjectConfigurationPlatforms) = postSolution
		{C9CC534E-86B6-43D0-8476-E5333BBEEA05}.Debug|Any CPU.ActiveCfg = Debug|Any CPU
		{C9CC534E-86B6-43D0-8476-E5333BBEEA05}.Debug|Any CPU.Build.0 = Debug|Any CPU
		{C9CC534E-86B6-43D0-8476-E5333BBEEA05}.Release|Any CPU.ActiveCfg = Release|Any CPU
		{C9CC534E-86B6-43D0-8476-E5333BBEEA05}.Release|Any CPU.Build.0 = Release|Any CPU
	EndGlobalSection
	GlobalSection(SolutionProperties) = preSolution
		HideSolutionNode = FALSE
	EndGlobalSection
	GlobalSection(ExtensibilityGlobals) = postSolution
		SolutionGuid = {0C514EF9-6C62-4C14-A5A7-F259A8C285A4}
	EndGlobalSection
EndGlobal
